
Microsoft Visual Studio Solution File, Format Version 12.00
# Visual Studio Version 16
VisualStudioVersion = 16.0.31911.196
MinimumVisualStudioVersion = 10.0.40219.1
Project("{FAE04EC0-301F-11D3-BF4B-00C04F79EFBC}") = "deneme2019", "deneme2019\deneme2019.csproj", "{5670844C-82DB-49E0-B57F-0AF26393F03E}"
EndProject
Global
	GlobalSection(SolutionConfigurationPlatforms) = preSolution
		Debug|Any CPU = Debug|Any CPU
		Release|Any CPU = Release|Any CPU
	EndGlobalSection
	GlobalSection(ProjectConfigurationPlatforms) = postSolution
		{5670844C-82DB-49E0-B57F-0AF26393F03E}.Debug|Any CPU.ActiveCfg = Debug|Any CPU
		{5670844C-82DB-49E0-B57F-0AF26393F03E}.Debug|Any CPU.Build.0 = Debug|Any CPU
		{5670844C-82DB-49E0-B57F-0AF26393F03E}.Release|Any CPU.ActiveCfg = Release|Any CPU
		{5670844C-82DB-49E0-B57F-0AF26393F03E}.Release|Any CPU.Build.0 = Release|Any CPU
	EndGlobalSection
	GlobalSection(SolutionProperties) = preSolution
		HideSolutionNode = FALSE
	EndGlobalSection
	GlobalSection(ExtensibilityGlobals) = postSolution
		SolutionGuid = {0E35D1A7-5FC1-44FE-8586-31C8FF9862A4}
	EndGlobalSection
EndGlobal
